{
  "name": "MMM-teamspeak3",
  "version": "0.2.1",
  "lockfileVersion": 1,
  "requires": true,
  "dependencies": {
    "line-input-stream": {
      "version": "1.0.1",
      "resolved": "https://registry.npmjs.org/line-input-stream/-/line-input-stream-1.0.1.tgz",
      "integrity": "sha1-wct3n+yunyRVzENcAQNjK63gTCY="
    },
    "node-teamspeak": {
      "version": "1.0.10",
      "resolved": "https://registry.npmjs.org/node-teamspeak/-/node-teamspeak-1.0.10.tgz",
      "integrity": "sha1-S2GOQIwpiUbuuFCXP1ceQKntFQE=",
      "requires": {
        "line-input-stream": "1.0.1"
      }
    }
  }
}
